
Microsoft Visual Studio Solution File, Format Version 12.00
# Visual Studio Version 17
VisualStudioVersion = 17.0.31423.177
MinimumVisualStudioVersion = 10.0.40219.1
Project("{FAE04EC0-301F-11D3-BF4B-00C04F79EFBC}") = "Lochi.AdventOfCode", "Lochi.AdventOfCode\Lochi.AdventOfCode.csproj", "{DE5E3A1C-EB02-426D-804E-DE2EF4BA90D6}"
EndProject
Global
	GlobalSection(SolutionConfigurationPlatforms) = preSolution
		Debug|Any CPU = Debug|Any CPU
		Release|Any CPU = Release|Any CPU
	EndGlobalSection
	GlobalSection(ProjectConfigurationPlatforms) = postSolution
		{DE5E3A1C-EB02-426D-804E-DE2EF4BA90D6}.Debug|Any CPU.ActiveCfg = Debug|Any CPU
		{DE5E3A1C-EB02-426D-804E-DE2EF4BA90D6}.Debug|Any CPU.Build.0 = Debug|Any CPU
		{DE5E3A1C-EB02-426D-804E-DE2EF4BA90D6}.Release|Any CPU.ActiveCfg = Release|Any CPU
		{DE5E3A1C-EB02-426D-804E-DE2EF4BA90D6}.Release|Any CPU.Build.0 = Release|Any CPU
	EndGlobalSection
	GlobalSection(SolutionProperties) = preSolution
		HideSolutionNode = FALSE
	EndGlobalSection
	GlobalSection(ExtensibilityGlobals) = postSolution
		SolutionGuid = {11B5E939-12F4-4658-BB6D-503920913BA4}
	EndGlobalSection
EndGlobal
